// !$*UTF8*$!
{
	archiveVersion = 1;
	classes = {
	};
	objectVersion = 46;
	objects = {

/* Begin PBXBuildFile section */
		AD1EC9961F37A34A00374747 /* AppDelegate.swift in Sources */ = {isa = PBXBuildFile; fileRef = AD1EC9951F37A34A00374747 /* AppDelegate.swift */; };
		AD1EC9981F37A34A00374747 /* TasksViewController.swift in Sources */ = {isa = PBXBuildFile; fileRef = AD1EC9971F37A34A00374747 /* TasksViewController.swift */; };
		AD1EC99B1F37A34A00374747 /* Main.storyboard in Resources */ = {isa = PBXBuildFile; fileRef = AD1EC9991F37A34A00374747 /* Main.storyboard */; };
		AD1EC99E1F37A34A00374747 /* DoIt.xcdatamodeld in Sources */ = {isa = PBXBuildFile; fileRef = AD1EC99C1F37A34A00374747 /* DoIt.xcdatamodeld */; };
		AD1EC9A01F37A34A00374747 /* Assets.xcassets in Resources */ = {isa = PBXBuildFile; fileRef = AD1EC99F1F37A34A00374747 /* Assets.xcassets */; };
		AD1EC9A31F37A34A00374747 /* LaunchScreen.storyboard in Resources */ = {isa = PBXBuildFile; fileRef = AD1EC9A11F37A34A00374747 /* LaunchScreen.storyboard */; };
		AD1EC9AB1F37A83A00374747 /* Task.swift in Sources */ = {isa = PBXBuildFile; fileRef = AD1EC9AA1F37A83A00374747 /* Task.swift */; };
		AD1EC9AD1F37B4CB00374747 /* CreateTaskViewController.swift in Sources */ = {isa = PBXBuildFile; fileRef = AD1EC9AC1F37B4CB00374747 /* CreateTaskViewController.swift */; };
		AD1EC9AF1F37CD8000374747 /* CompleteTaskViewController.swift in Sources */ = {isa = PBXBuildFile; fileRef = AD1EC9AE1F37CD8000374747 /* CompleteTaskViewController.swift */; };
/* End PBXBuildFile section */

/* Begin PBXFileReference section */
		AD1EC9921F37A34A00374747 /* DoIt.app */ = {isa = PBXFileReference; explicitFileType = wrapper.application; includeInIndex = 0; path = DoIt.app; sourceTree = BUILT_PRODUCTS_DIR; };
		AD1EC9951F37A34A00374747 /* AppDelegate.swift */ = {isa = PBXFileReference; lastKnownFileType = sourcecode.swift; path = AppDelegate.swift; sourceTree = "<group>"; };
		AD1EC9971F37A34A00374747 /* TasksViewController.swift */ = {isa = PBXFileReference; lastKnownFileType = sourcecode.swift; path = TasksViewController.swift; sourceTree = "<group>"; };
		AD1EC99A1F37A34A00374747 /* Base */ = {isa = PBXFileReference; lastKnownFileType = file.storyboard; name = Base; path = Base.lproj/Main.storyboard; sourceTree = "<group>"; };
		AD1EC99D1F37A34A00374747 /* DoIt.xcdatamodel */ = {isa = PBXFileReference; lastKnownFileType = wrapper.xcdatamodel; path = DoIt.xcdatamodel; sourceTree = "<group>"; };
		AD1EC99F1F37A34A00374747 /* Assets.xcassets */ = {isa = PBXFileReference; lastKnownFileType = folder.assetcatalog; path = Assets.xcassets; sourceTree = "<group>"; };
		AD1EC9A21F37A34A00374747 /* Base */ = {isa = PBXFileReference; lastKnownFileType = file.storyboard; name = Base; path = Base.lproj/LaunchScreen.storyboard; sourceTree = "<group>"; };
		AD1EC9A41F37A34A00374747 /* Info.plist */ = {isa = PBXFileReference; lastKnownFileType = text.plist.xml; path = Info.plist; sourceTree = "<group>"; };
		AD1EC9AA1F37A83A00374747 /* Task.swift */ = {isa = PBXFileReference; fileEncoding = 4; lastKnownFileType = sourcecode.swift; path = Task.swift; sourceTree = "<group>"; };
		AD1EC9AC1F37B4CB00374747 /* CreateTaskViewController.swift */ = {isa = PBXFileReference; fileEncoding = 4; lastKnownFileType = sourcecode.swift; path = CreateTaskViewController.swift; sourceTree = "<group>"; };
		AD1EC9AE1F37CD8000374747 /* CompleteTaskViewController.swift */ = {isa = PBXFileReference; fileEncoding = 4; lastKnownFileType = sourcecode.swift; path = CompleteTaskViewController.swift; sourceTree = "<group>"; };
/* End PBXFileReference section */

/* Begin PBXFrameworksBuildPhase section */
		AD1EC98F1F37A34A00374747 /* Frameworks */ = {
			isa = PBXFrameworksBuildPhase;
			buildActionMask = 2147483647;
			files = (
			);
			runOnlyForDeploymentPostprocessing = 0;
		};
/* End PBXFrameworksBuildPhase section */

/* Begin PBXGroup section */
		AD1EC9891F37A34A00374747 = {
			isa = PBXGroup;
			children = (
				AD1EC9941F37A34A00374747 /* DoIt */,
				AD1EC9931F37A34A00374747 /* Products */,
			);
			sourceTree = "<group>";
		};
		AD1EC9931F37A34A00374747 /* Products */ = {
			isa = PBXGroup;
			children = (
				AD1EC9921F37A34A00374747 /* DoIt.app */,
			);
			name = Products;
			sourceTree = "<group>";
		};
		AD1EC9941F37A34A00374747 /* DoIt */ = {
			isa = PBXGroup;
			children = (
				AD1EC9951F37A34A00374747 /* AppDelegate.swift */,
				AD1EC9971F37A34A00374747 /* TasksViewController.swift */,
				AD1EC9AE1F37CD8000374747 /* CompleteTaskViewController.swift */,
				AD1EC9AC1F37B4CB00374747 /* CreateTaskViewController.swift */,
				AD1EC9AA1F37A83A00374747 /* Task.swift */,
				AD1EC9991F37A34A00374747 /* Main.storyboard */,
				AD1EC99F1F37A34A00374747 /* Assets.xcassets */,
				AD1EC9A11F37A34A00374747 /* LaunchScreen.storyboard */,
				AD1EC9A41F37A34A00374747 /* Info.plist */,
				AD1EC99C1F37A34A00374747 /* DoIt.xcdatamodeld */,
			);
			path = DoIt;
			sourceTree = "<group>";
		};
/* End PBXGroup section */

/* Begin PBXNativeTarget section */
		AD1EC9911F37A34A00374747 /* DoIt */ = {
			isa = PBXNativeTarget;
			buildConfigurationList = AD1EC9A71F37A34A00374747 /* Build configuration list for PBXNativeTarget "DoIt" */;
			buildPhases = (
				AD1EC98E1F37A34A00374747 /* Sources */,
				AD1EC98F1F37A34A00374747 /* Frameworks */,
				AD1EC9901F37A34A00374747 /* Resources */,
			);
			buildRules = (
			);
			dependencies = (
			);
			name = DoIt;
			productName = DoIt;
			productReference = AD1EC9921F37A34A00374747 /* DoIt.app */;
			productType = "com.apple.product-type.application";
		};
/* End PBXNativeTarget section */

/* Begin PBXProject section */
		AD1EC98A1F37A34A00374747 /* Project object */ = {
			isa = PBXProject;
			attributes = {
				LastSwiftUpdateCheck = 0830;
				LastUpgradeCheck = 0830;
				ORGANIZATIONNAME = "Deborah Graham";
				TargetAttributes = {
					AD1EC9911F37A34A00374747 = {
						CreatedOnToolsVersion = 8.3.3;
						ProvisioningStyle = Automatic;
					};
				};
			};
			buildConfigurationList = AD1EC98D1F37A34A00374747 /* Build configuration list for PBXProject "DoIt" */;
			compatibilityVersion = "Xcode 3.2";
			developmentRegion = English;
			hasScannedForEncodings = 0;
			knownRegions = (
				en,
				Base,
			);
			mainGroup = AD1EC9891F37A34A00374747;
			productRefGroup = AD1EC9931F37A34A00374747 /* Products */;
			projectDirPath = "";
			projectRoot = "";
			targets = (
				AD1EC9911F37A34A00374747 /* DoIt */,
			);
		};
/* End PBXProject section */

/* Begin PBXResourcesBuildPhase section */
		AD1EC9901F37A34A00374747 /* Resources */ = {
			isa = PBXResourcesBuildPhase;
			buildActionMask = 2147483647;
			files = (
				AD1EC9A31F37A34A00374747 /* LaunchScreen.storyboard in Resources */,
				AD1EC9A01F37A34A00374747 /* Assets.xcassets in Resources */,
				AD1EC99B1F37A34A00374747 /* Main.storyboard in Resources */,
			);
			runOnlyForDeploymentPostprocessing = 0;
		};
/* End PBXResourcesBuildPhase section */

/* Begin PBXSourcesBuildPhase section */
		AD1EC98E1F37A34A00374747 /* Sources */ = {
			isa = PBXSourcesBuildPhase;
			buildActionMask = 2147483647;
			files = (
				AD1EC9AB1F37A83A00374747 /* Task.swift in Sources */,
				AD1EC99E1F37A34A00374747 /* DoIt.xcdatamodeld in Sources */,
				AD1EC9AF1F37CD8000374747 /* CompleteTaskViewController.swift in Sources */,
				AD1EC9981F37A34A00374747 /* TasksViewController.swift in Sources */,
				AD1EC9961F37A34A00374747 /* AppDelegate.swift in Sources */,
				AD1EC9AD1F37B4CB00374747 /* CreateTaskViewController.swift in Sources */,
			);
			runOnlyForDeploymentPostprocessing = 0;
		};
/* End PBXSourcesBuildPhase section */

/* Begin PBXVariantGroup section */
		AD1EC9991F37A34A00374747 /* Main.storyboard */ = {
			isa = PBXVariantGroup;
			children = (
				AD1EC99A1F37A34A00374747 /* Base */,
			);
			name = Main.storyboard;
			sourceTree = "<group>";
		};
		AD1EC9A11F37A34A00374747 /* LaunchScreen.storyboard */ = {
			isa = PBXVariantGroup;
			children = (
				AD1EC9A21F37A34A00374747 /* Base */,
			);
			name = LaunchScreen.storyboard;
			sourceTree = "<group>";
		};
/* End PBXVariantGroup section */

/* Begin XCBuildConfiguration section */
		AD1EC9A51F37A34A00374747 /* Debug */ = {
			isa = XCBuildConfiguration;
			buildSettings = {
				ALWAYS_SEARCH_USER_PATHS = NO;
				CLANG_ANALYZER_NONNULL = YES;
				CLANG_ANALYZER_NUMBER_OBJECT_CONVERSION = YES_AGGRESSIVE;
				CLANG_CXX_LANGUAGE_STANDARD = "gnu++0x";
				CLANG_CXX_LIBRARY = "libc++";
				CLANG_ENABLE_MODULES = YES;
				CLANG_ENABLE_OBJC_ARC = YES;
				CLANG_WARN_BOOL_CONVERSION = YES;
				CLANG_WARN_CONSTANT_CONVERSION = YES;
				CLANG_WARN_DIRECT_OBJC_ISA_USAGE = YES_ERROR;
				CLANG_WARN_DOCUMENTATION_COMMENTS = YES;
				CLANG_WARN_EMPTY_BODY = YES;
				CLANG_WARN_ENUM_CONVERSION = YES;
				CLANG_WARN_INFINITE_RECURSION = YES;
				CLANG_WARN_INT_CONVERSION = YES;
				CLANG_WARN_OBJC_ROOT_CLASS = YES_ERROR;
				CLANG_WARN_SUSPICIOUS_MOVE = YES;
				CLANG_WARN_UNREACHABLE_CODE = YES;
				CLANG_WARN__DUPLICATE_METHOD_MATCH = YES;
				"CODE_SIGN_IDENTITY[sdk=iphoneos*]" = "iPhone Developer";
				COPY_PHASE_STRIP = NO;
				DEBUG_INFORMATION_FORMAT = dwarf;
				ENABLE_STRICT_OBJC_MSGSEND = YES;
				ENABLE_TESTABILITY = YES;
				GCC_C_LANGUAGE_STANDARD = gnu99;
				GCC_DYNAMIC_NO_PIC = NO;
				GCC_NO_COMMON_BLOCKS = YES;
				GCC_OPTIMIZATION_LEVEL = 0;
				GCC_PREPROCESSOR_DEFINITIONS = (
					"DEBUG=1",
					"$(inherited)",
				);
				GCC_WARN_64_TO_32_BIT_CONVERSION = YES;
				GCC_WARN_ABOUT_RETURN_TYPE = YES_ERROR;
				GCC_WARN_UNDECLARED_SELECTOR = YES;
				GCC_WARN_UNINITIALIZED_AUTOS = YES_AGGRESSIVE;
				GCC_WARN_UNUSED_FUNCTION = YES;
				GCC_WARN_UNUSED_VARIABLE = YES;
				IPHONEOS_DEPLOYMENT_TARGET = 10.3;
				MTL_ENABLE_DEBUG_INFO = YES;
				ONLY_ACTIVE_ARCH = YES;
				SDKROOT = iphoneos;
				SWIFT_ACTIVE_COMPILATION_CONDITIONS = DEBUG;
				SWIFT_OPTIMIZATION_LEVEL = "-Onone";
				TARGETED_DEVICE_FAMILY = "1,2";
			};
			name = Debug;
		};
		AD1EC9A61F37A34A00374747 /* Release */ = {
			isa = XCBuildConfiguration;
			buildSettings = {
				ALWAYS_SEARCH_USER_PATHS = NO;
				CLANG_ANALYZER_NONNULL = YES;
				CLANG_ANALYZER_NUMBER_OBJECT_CONVERSION = YES_AGGRESSIVE;
				CLANG_CXX_LANGUAGE_STANDARD = "gnu++0x";
				CLANG_CXX_LIBRARY = "libc++";
				CLANG_ENABLE_MODULES = YES;
				CLANG_ENABLE_OBJC_ARC = YES;
				CLANG_WARN_BOOL_CONVERSION = YES;
				CLANG_WARN_CONSTANT_CONVERSION = YES;
				CLANG_WARN_DIRECT_OBJC_ISA_USAGE = YES_ERROR;
				CLANG_WARN_DOCUMENTATION_COMMENTS = YES;
				CLANG_WARN_EMPTY_BODY = YES;
				CLANG_WARN_ENUM_CONVERSION = YES;
				CLANG_WARN_INFINITE_RECURSION = YES;
				CLANG_WARN_INT_CONVERSION = YES;
				CLANG_WARN_OBJC_ROOT_CLASS = YES_ERROR;
				CLANG_WARN_SUSPICIOUS_MOVE = YES;
				CLANG_WARN_UNREACHABLE_CODE = YES;
				CLANG_WARN__DUPLICATE_METHOD_MATCH = YES;
				"CODE_SIGN_IDENTITY[sdk=iphoneos*]" = "iPhone Developer";
				COPY_PHASE_STRIP = NO;
				DEBUG_INFORMATION_FORMAT = "dwarf-with-dsym";
				ENABLE_NS_ASSERTIONS = NO;
				ENABLE_STRICT_OBJC_MSGSEND = YES;
				GCC_C_LANGUAGE_STANDARD = gnu99;
				GCC_NO_COMMON_BLOCKS = YES;
				GCC_WARN_64_TO_32_BIT_CONVERSION = YES;
				GCC_WARN_ABOUT_RETURN_TYPE = YES_ERROR;
				GCC_WARN_UNDECLARED_SELECTOR = YES;
				GCC_WARN_UNINITIALIZED_AUTOS = YES_AGGRESSIVE;
				GCC_WARN_UNUSED_FUNCTION = YES;
				GCC_WARN_UNUSED_VARIABLE = YES;
				IPHONEOS_DEPLOYMENT_TARGET = 10.3;
				MTL_ENABLE_DEBUG_INFO = NO;
				SDKROOT = iphoneos;
				SWIFT_OPTIMIZATION_LEVEL = "-Owholemodule";
				TARGETED_DEVICE_FAMILY = "1,2";
				VALIDATE_PRODUCT = YES;
			};
			name = Release;
		};
		AD1EC9A81F37A34A00374747 /* Debug */ = {
			isa = XCBuildConfiguration;
			buildSettings = {
				ASSETCATALOG_COMPILER_APPICON_NAME = AppIcon;
				INFOPLIST_FILE = DoIt/Info.plist;
				LD_RUNPATH_SEARCH_PATHS = "$(inherited) @executable_path/Frameworks";
				PRODUCT_BUNDLE_IDENTIFIER = com.djgCreations.DoIt;
				PRODUCT_NAME = "$(TARGET_NAME)";
				SWIFT_VERSION = 3.0;
			};
			name = Debug;
		};
		AD1EC9A91F37A34A00374747 /* Release */ = {
			isa = XCBuildConfiguration;
			buildSettings = {
				ASSETCATALOG_COMPILER_APPICON_NAME = AppIcon;
				INFOPLIST_FILE = DoIt/Info.plist;
				LD_RUNPATH_SEARCH_PATHS = "$(inherited) @executable_path/Frameworks";
				PRODUCT_BUNDLE_IDENTIFIER = com.djgCreations.DoIt;
				PRODUCT_NAME = "$(TARGET_NAME)";
				SWIFT_VERSION = 3.0;
			};
			name = Release;
		};
/* End XCBuildConfiguration section */

/* Begin XCConfigurationList section */
		AD1EC98D1F37A34A00374747 /* Build configuration list for PBXProject "DoIt" */ = {
			isa = XCConfigurationList;
			buildConfigurations = (
				AD1EC9A51F37A34A00374747 /* Debug */,
				AD1EC9A61F37A34A00374747 /* Release */,
			);
			defaultConfigurationIsVisible = 0;
			defaultConfigurationName = Release;
		};
		AD1EC9A71F37A34A00374747 /* Build configuration list for PBXNativeTarget "DoIt" */ = {
			isa = XCConfigurationList;
			buildConfigurations = (
				AD1EC9A81F37A34A00374747 /* Debug */,
				AD1EC9A91F37A34A00374747 /* Release */,
			);
			defaultConfigurationIsVisible = 0;
		};
/* End XCConfigurationList section */

/* Begin XCVersionGroup section */
		AD1EC99C1F37A34A00374747 /* DoIt.xcdatamodeld */ = {
			isa = XCVersionGroup;
			children = (
				AD1EC99D1F37A34A00374747 /* DoIt.xcdatamodel */,
			);
			currentVersion = AD1EC99D1F37A34A00374747 /* DoIt.xcdatamodel */;
			path = DoIt.xcdatamodeld;
			sourceTree = "<group>";
			versionGroupType = wrapper.xcdatamodel;
		};
/* End XCVersionGroup section */
	};
	rootObject = AD1EC98A1F37A34A00374747 /* Project object */;
}
